
Microsoft Visual Studio Solution File, Format Version 12.00
# Visual Studio Version 16
VisualStudioVersion = 16.0.30907.101
MinimumVisualStudioVersion = 10.0.40219.1
Project("{FAE04EC0-301F-11D3-BF4B-00C04F79EFBC}") = "HW1", "HW1.csproj", "{67ADEA8B-ED90-441C-A846-DABD67F83FA0}"
EndProject
Global
	GlobalSection(SolutionConfigurationPlatforms) = preSolution
		Debug|Any CPU = Debug|Any CPU
		Release|Any CPU = Release|Any CPU
	EndGlobalSection
	GlobalSection(ProjectConfigurationPlatforms) = postSolution
		{67ADEA8B-ED90-441C-A846-DABD67F83FA0}.Debug|Any CPU.ActiveCfg = Debug|Any CPU
		{67ADEA8B-ED90-441C-A846-DABD67F83FA0}.Debug|Any CPU.Build.0 = Debug|Any CPU
		{67ADEA8B-ED90-441C-A846-DABD67F83FA0}.Release|Any CPU.ActiveCfg = Release|Any CPU
		{67ADEA8B-ED90-441C-A846-DABD67F83FA0}.Release|Any CPU.Build.0 = Release|Any CPU
	EndGlobalSection
	GlobalSection(SolutionProperties) = preSolution
		HideSolutionNode = FALSE
	EndGlobalSection
	GlobalSection(ExtensibilityGlobals) = postSolution
		SolutionGuid = {DF703CCC-237F-4CF3-BA75-E44C7FA450F1}
	EndGlobalSection
EndGlobal
